
Microsoft Visual Studio Solution File, Format Version 12.00
# Visual Studio Version 17
VisualStudioVersion = 17.9.34723.18
MinimumVisualStudioVersion = 10.0.40219.1
Project("{FAE04EC0-301F-11D3-BF4B-00C04F79EFBC}") = "Final_Calorie_Count", "Final_Calorie_Count\Final_Calorie_Count.csproj", "{755C8C29-1B03-4A96-81AF-896A295E9758}"
EndProject
Global
	GlobalSection(SolutionConfigurationPlatforms) = preSolution
		Debug|Any CPU = Debug|Any CPU
		Release|Any CPU = Release|Any CPU
	EndGlobalSection
	GlobalSection(ProjectConfigurationPlatforms) = postSolution
		{755C8C29-1B03-4A96-81AF-896A295E9758}.Debug|Any CPU.ActiveCfg = Debug|Any CPU
		{755C8C29-1B03-4A96-81AF-896A295E9758}.Debug|Any CPU.Build.0 = Debug|Any CPU
		{755C8C29-1B03-4A96-81AF-896A295E9758}.Release|Any CPU.ActiveCfg = Release|Any CPU
		{755C8C29-1B03-4A96-81AF-896A295E9758}.Release|Any CPU.Build.0 = Release|Any CPU
	EndGlobalSection
	GlobalSection(SolutionProperties) = preSolution
		HideSolutionNode = FALSE
	EndGlobalSection
	GlobalSection(ExtensibilityGlobals) = postSolution
		SolutionGuid = {B6073F7F-CB24-4044-99A6-F3D484548E11}
	EndGlobalSection
EndGlobal
